
Microsoft Visual Studio Solution File, Format Version 12.00
# Visual Studio Version 17
VisualStudioVersion = 17.4.33213.308
MinimumVisualStudioVersion = 10.0.40219.1
Project("{FAE04EC0-301F-11D3-BF4B-00C04F79EFBC}") = "CanteenDb", "CanteenDb\CanteenDb.csproj", "{829D7E3C-7E78-45F7-A6BD-98BA9273A1A8}"
EndProject
Global
	GlobalSection(SolutionConfigurationPlatforms) = preSolution
		Debug|Any CPU = Debug|Any CPU
		Release|Any CPU = Release|Any CPU
	EndGlobalSection
	GlobalSection(ProjectConfigurationPlatforms) = postSolution
		{829D7E3C-7E78-45F7-A6BD-98BA9273A1A8}.Debug|Any CPU.ActiveCfg = Debug|Any CPU
		{829D7E3C-7E78-45F7-A6BD-98BA9273A1A8}.Debug|Any CPU.Build.0 = Debug|Any CPU
		{829D7E3C-7E78-45F7-A6BD-98BA9273A1A8}.Release|Any CPU.ActiveCfg = Release|Any CPU
		{829D7E3C-7E78-45F7-A6BD-98BA9273A1A8}.Release|Any CPU.Build.0 = Release|Any CPU
	EndGlobalSection
	GlobalSection(SolutionProperties) = preSolution
		HideSolutionNode = FALSE
	EndGlobalSection
	GlobalSection(ExtensibilityGlobals) = postSolution
		SolutionGuid = {9B299302-B0AF-4AEC-A5A3-14E3C6C53435}
	EndGlobalSection
EndGlobal
